
Microsoft Visual Studio Solution File, Format Version 12.00
# Visual Studio 2012
Project("{FAE04EC0-301F-11D3-BF4B-00C04F79EFBC}") = "BoxUnBox", "helloworld\BoxUnBox.csproj", "{D58C4867-4156-4977-B604-92DE17666953}"
EndProject
Project("{FAE04EC0-301F-11D3-BF4B-00C04F79EFBC}") = "WatchDirectory", "WatchDirectory\WatchDirectory.csproj", "{9D09FFFC-6BAF-4657-B8B1-B02EA97357FA}"
EndProject
Project("{2150E333-8FDC-42A3-9474-1A3956D46DE8}") = "Solution Items", "Solution Items", "{F08B979D-626D-4B15-B928-50AB8536D9E6}"
EndProject
Project("{FAE04EC0-301F-11D3-BF4B-00C04F79EFBC}") = "CursesLibTest", "CursesLibTest\CursesLibTest.csproj", "{4AC61FD7-4322-4543-903F-76D52DF1E7AC}"
EndProject
Project("{FAE04EC0-301F-11D3-BF4B-00C04F79EFBC}") = "MyLibrary", "MyLibrary\MyLibrary.csproj", "{A7A553B7-B035-4A3D-9AFA-F852DC3F9807}"
EndProject
Project("{FAE04EC0-301F-11D3-BF4B-00C04F79EFBC}") = "gtkTest", "gtkTest\gtkTest.csproj", "{B17C5DEE-7402-48E9-A985-2A87BAE65835}"
EndProject
Project("{FAE04EC0-301F-11D3-BF4B-00C04F79EFBC}") = "gtkTest-layout", "gtkTest-layout\gtkTest-layout.csproj", "{66BA3BF4-3071-4F1A-8FB0-55F79A8B7428}"
EndProject
Global
	GlobalSection(SolutionConfigurationPlatforms) = preSolution
		Debug|x86 = Debug|x86
		Release|x86 = Release|x86
	EndGlobalSection
	GlobalSection(ProjectConfigurationPlatforms) = postSolution
		{4AC61FD7-4322-4543-903F-76D52DF1E7AC}.Debug|x86.ActiveCfg = Debug|x86
		{4AC61FD7-4322-4543-903F-76D52DF1E7AC}.Debug|x86.Build.0 = Debug|x86
		{4AC61FD7-4322-4543-903F-76D52DF1E7AC}.Release|x86.ActiveCfg = Release|x86
		{4AC61FD7-4322-4543-903F-76D52DF1E7AC}.Release|x86.Build.0 = Release|x86
		{66BA3BF4-3071-4F1A-8FB0-55F79A8B7428}.Debug|x86.ActiveCfg = Debug|x86
		{66BA3BF4-3071-4F1A-8FB0-55F79A8B7428}.Debug|x86.Build.0 = Debug|x86
		{66BA3BF4-3071-4F1A-8FB0-55F79A8B7428}.Release|x86.ActiveCfg = Release|x86
		{66BA3BF4-3071-4F1A-8FB0-55F79A8B7428}.Release|x86.Build.0 = Release|x86
		{9D09FFFC-6BAF-4657-B8B1-B02EA97357FA}.Debug|x86.ActiveCfg = Debug|x86
		{9D09FFFC-6BAF-4657-B8B1-B02EA97357FA}.Debug|x86.Build.0 = Debug|x86
		{9D09FFFC-6BAF-4657-B8B1-B02EA97357FA}.Release|x86.ActiveCfg = Release|x86
		{9D09FFFC-6BAF-4657-B8B1-B02EA97357FA}.Release|x86.Build.0 = Release|x86
		{A7A553B7-B035-4A3D-9AFA-F852DC3F9807}.Debug|x86.ActiveCfg = Debug|Any CPU
		{A7A553B7-B035-4A3D-9AFA-F852DC3F9807}.Debug|x86.Build.0 = Debug|Any CPU
		{A7A553B7-B035-4A3D-9AFA-F852DC3F9807}.Release|x86.ActiveCfg = Release|Any CPU
		{A7A553B7-B035-4A3D-9AFA-F852DC3F9807}.Release|x86.Build.0 = Release|Any CPU
		{B17C5DEE-7402-48E9-A985-2A87BAE65835}.Debug|x86.ActiveCfg = Debug|x86
		{B17C5DEE-7402-48E9-A985-2A87BAE65835}.Debug|x86.Build.0 = Debug|x86
		{B17C5DEE-7402-48E9-A985-2A87BAE65835}.Release|x86.ActiveCfg = Release|x86
		{B17C5DEE-7402-48E9-A985-2A87BAE65835}.Release|x86.Build.0 = Release|x86
		{D58C4867-4156-4977-B604-92DE17666953}.Debug|x86.ActiveCfg = Debug|x86
		{D58C4867-4156-4977-B604-92DE17666953}.Debug|x86.Build.0 = Debug|x86
		{D58C4867-4156-4977-B604-92DE17666953}.Release|x86.ActiveCfg = Release|x86
		{D58C4867-4156-4977-B604-92DE17666953}.Release|x86.Build.0 = Release|x86
	EndGlobalSection
	GlobalSection(NestedProjects) = preSolution
	EndGlobalSection
	GlobalSection(MonoDevelopProperties) = preSolution
		Policies = $0
		$0.DotNetNamingPolicy = $1
		$1.DirectoryNamespaceAssociation = None
		$1.ResourceNamePolicy = FileFormatDefault
		$0.TextStylePolicy = $2
		$2.inheritsSet = Mono
		$2.inheritsScope = text/plain
		$2.scope = text/x-csharp
		$0.CSharpFormattingPolicy = $3
		$3.inheritsSet = Mono
		$3.inheritsScope = text/x-csharp
		$3.scope = text/x-csharp
	EndGlobalSection
EndGlobal
