
Microsoft Visual Studio Solution File, Format Version 12.00
# Visual Studio 2012
Project("{FAE04EC0-301F-11D3-BF4B-00C04F79EFBC}") = "helloworld", "helloworld\helloworld.csproj", "{D58C4867-4156-4977-B604-92DE17666953}"
EndProject
Project("{FAE04EC0-301F-11D3-BF4B-00C04F79EFBC}") = "BoxUnBox", "BoxUnBox\BoxUnBox.csproj", "{5C1BD38B-7903-42AA-89F0-060740704F2B}"
EndProject
Project("{FAE04EC0-301F-11D3-BF4B-00C04F79EFBC}") = "WatchDirectory", "WatchDirectory\WatchDirectory.csproj", "{9D09FFFC-6BAF-4657-B8B1-B02EA97357FA}"
EndProject
Project("{FAE04EC0-301F-11D3-BF4B-00C04F79EFBC}") = "MyLibrary", "..\..\git\MonoMacTest.git\MyLibrary\MyLibrary.csproj", "{CF01D4A9-2F83-41EC-85B8-06F87CE3AFA0}"
EndProject
Global
	GlobalSection(SolutionConfigurationPlatforms) = preSolution
		Debug|x86 = Debug|x86
		Release|x86 = Release|x86
	EndGlobalSection
	GlobalSection(ProjectConfigurationPlatforms) = postSolution
		{5C1BD38B-7903-42AA-89F0-060740704F2B}.Debug|x86.ActiveCfg = Debug|x86
		{5C1BD38B-7903-42AA-89F0-060740704F2B}.Debug|x86.Build.0 = Debug|x86
		{5C1BD38B-7903-42AA-89F0-060740704F2B}.Release|x86.ActiveCfg = Release|x86
		{5C1BD38B-7903-42AA-89F0-060740704F2B}.Release|x86.Build.0 = Release|x86
		{9D09FFFC-6BAF-4657-B8B1-B02EA97357FA}.Debug|x86.ActiveCfg = Debug|x86
		{9D09FFFC-6BAF-4657-B8B1-B02EA97357FA}.Debug|x86.Build.0 = Debug|x86
		{9D09FFFC-6BAF-4657-B8B1-B02EA97357FA}.Release|x86.ActiveCfg = Release|x86
		{9D09FFFC-6BAF-4657-B8B1-B02EA97357FA}.Release|x86.Build.0 = Release|x86
		{CF01D4A9-2F83-41EC-85B8-06F87CE3AFA0}.Debug|x86.ActiveCfg = Debug|Any CPU
		{CF01D4A9-2F83-41EC-85B8-06F87CE3AFA0}.Debug|x86.Build.0 = Debug|Any CPU
		{CF01D4A9-2F83-41EC-85B8-06F87CE3AFA0}.Release|x86.ActiveCfg = Release|Any CPU
		{CF01D4A9-2F83-41EC-85B8-06F87CE3AFA0}.Release|x86.Build.0 = Release|Any CPU
		{D58C4867-4156-4977-B604-92DE17666953}.Debug|x86.ActiveCfg = Debug|x86
		{D58C4867-4156-4977-B604-92DE17666953}.Debug|x86.Build.0 = Debug|x86
		{D58C4867-4156-4977-B604-92DE17666953}.Release|x86.ActiveCfg = Release|x86
		{D58C4867-4156-4977-B604-92DE17666953}.Release|x86.Build.0 = Release|x86
	EndGlobalSection
	GlobalSection(MonoDevelopProperties) = preSolution
		Policies = $0
		$0.DotNetNamingPolicy = $1
		$1.DirectoryNamespaceAssociation = None
		$1.ResourceNamePolicy = FileFormatDefault
		$0.TextStylePolicy = $2
		$2.inheritsSet = Mono
		$2.inheritsScope = text/plain
		$2.scope = text/x-csharp
		$0.CSharpFormattingPolicy = $3
		$3.inheritsSet = Mono
		$3.inheritsScope = text/x-csharp
		$3.scope = text/x-csharp
	EndGlobalSection
EndGlobal
